
Microsoft Visual Studio Solution File, Format Version 12.00
# Visual Studio Version 17
VisualStudioVersion = 17.11.35222.181
MinimumVisualStudioVersion = 10.0.40219.1
Project("{FAE04EC0-301F-11D3-BF4B-00C04F79EFBC}") = "OnlineStoreAPI", "OnlineStoreAPI\OnlineStoreAPI.csproj", "{01755C6B-3E44-48EB-B43C-EAE1257847F9}"
EndProject
Global
	GlobalSection(SolutionConfigurationPlatforms) = preSolution
		Debug|Any CPU = Debug|Any CPU
		Release|Any CPU = Release|Any CPU
	EndGlobalSection
	GlobalSection(ProjectConfigurationPlatforms) = postSolution
		{01755C6B-3E44-48EB-B43C-EAE1257847F9}.Debug|Any CPU.ActiveCfg = Debug|Any CPU
		{01755C6B-3E44-48EB-B43C-EAE1257847F9}.Debug|Any CPU.Build.0 = Debug|Any CPU
		{01755C6B-3E44-48EB-B43C-EAE1257847F9}.Release|Any CPU.ActiveCfg = Release|Any CPU
		{01755C6B-3E44-48EB-B43C-EAE1257847F9}.Release|Any CPU.Build.0 = Release|Any CPU
	EndGlobalSection
	GlobalSection(SolutionProperties) = preSolution
		HideSolutionNode = FALSE
	EndGlobalSection
	GlobalSection(ExtensibilityGlobals) = postSolution
		SolutionGuid = {CDA4A207-0EBD-4ED6-A3A1-3D06E874EF6B}
	EndGlobalSection
EndGlobal
