
Microsoft Visual Studio Solution File, Format Version 12.00
# Visual Studio Version 17
VisualStudioVersion = 17.11.35222.181
MinimumVisualStudioVersion = 10.0.40219.1
Project("{FAE04EC0-301F-11D3-BF4B-00C04F79EFBC}") = "BLL", "BLL.csproj", "{5F2B6BC4-6694-437A-84FF-7092E7D75260}"
EndProject
Global
	GlobalSection(SolutionConfigurationPlatforms) = preSolution
		Debug|Any CPU = Debug|Any CPU
		Release|Any CPU = Release|Any CPU
	EndGlobalSection
	GlobalSection(ProjectConfigurationPlatforms) = postSolution
		{5F2B6BC4-6694-437A-84FF-7092E7D75260}.Debug|Any CPU.ActiveCfg = Debug|Any CPU
		{5F2B6BC4-6694-437A-84FF-7092E7D75260}.Debug|Any CPU.Build.0 = Debug|Any CPU
		{5F2B6BC4-6694-437A-84FF-7092E7D75260}.Release|Any CPU.ActiveCfg = Release|Any CPU
		{5F2B6BC4-6694-437A-84FF-7092E7D75260}.Release|Any CPU.Build.0 = Release|Any CPU
	EndGlobalSection
	GlobalSection(SolutionProperties) = preSolution
		HideSolutionNode = FALSE
	EndGlobalSection
	GlobalSection(ExtensibilityGlobals) = postSolution
		SolutionGuid = {F76F09F6-D5C7-4FE7-A70C-FA1DB3C66D2C}
	EndGlobalSection
EndGlobal
